
Microsoft Visual Studio Solution File, Format Version 12.00
# Visual Studio Version 16
VisualStudioVersion = 16.0.30611.23
MinimumVisualStudioVersion = 10.0.40219.1
Project("{9A19103F-16F7-4668-BE54-9A1E7A4F7556}") = "MessageProcessor", "src\MessageProcessor\MessageProcessor.csproj", "{4157C60A-8C9B-4087-80E4-3770DFC5EB74}"
EndProject
Project("{2150E333-8FDC-42A3-9474-1A3956D46DE8}") = "Solution Items", "Solution Items", "{CEA7055D-75BA-46EF-8DB9-3454C1824562}"
	ProjectSection(SolutionItems) = preProject
		.editorconfig = .editorconfig
	EndProjectSection
EndProject
Project("{9A19103F-16F7-4668-BE54-9A1E7A4F7556}") = "MessageContracts", "src\MessageContracts\MessageContracts.csproj", "{7BAA6D13-A250-4B1B-B2E5-968B48A58429}"
EndProject
Project("{9A19103F-16F7-4668-BE54-9A1E7A4F7556}") = "MessagePublisher", "src\MessagePublisher\MessagePublisher.csproj", "{7B2CD7A1-ED82-4F59-BF35-8FE08415DC78}"
EndProject
Project("{2150E333-8FDC-42A3-9474-1A3956D46DE8}") = "Subscribers", "Subscribers", "{99AA18D1-F44B-4AAA-AB06-AED2CAB891C3}"
EndProject
Project("{2150E333-8FDC-42A3-9474-1A3956D46DE8}") = "Publisher", "Publisher", "{AFD8E791-EBC5-4B16-A796-DA714FD8CF3C}"
EndProject
Project("{9A19103F-16F7-4668-BE54-9A1E7A4F7556}") = "MessageSubscriber.Tests", "tests\MessageSubscriber.Tests\MessageSubscriber.Tests.csproj", "{644AEB27-D1FE-47FA-AF10-F048E8C6927B}"
EndProject
Project("{E53339B2-1760-4266-BCC7-CA923CBCF16C}") = "docker-compose", "docker-compose.dcproj", "{BF06FCB0-FE6E-4D23-9EA5-27C8FF33B67E}"
EndProject
Project("{FAE04EC0-301F-11D3-BF4B-00C04F79EFBC}") = "MessagePublisherApi", "src\MessagePublisherApi\MessagePublisherApi.csproj", "{22E0B33B-0939-4FD3-8AD1-80F51A3BF924}"
EndProject
Global
	GlobalSection(SolutionConfigurationPlatforms) = preSolution
		Debug|Any CPU = Debug|Any CPU
		Release|Any CPU = Release|Any CPU
	EndGlobalSection
	GlobalSection(ProjectConfigurationPlatforms) = postSolution
		{4157C60A-8C9B-4087-80E4-3770DFC5EB74}.Debug|Any CPU.ActiveCfg = Debug|Any CPU
		{4157C60A-8C9B-4087-80E4-3770DFC5EB74}.Debug|Any CPU.Build.0 = Debug|Any CPU
		{4157C60A-8C9B-4087-80E4-3770DFC5EB74}.Release|Any CPU.ActiveCfg = Release|Any CPU
		{4157C60A-8C9B-4087-80E4-3770DFC5EB74}.Release|Any CPU.Build.0 = Release|Any CPU
		{7BAA6D13-A250-4B1B-B2E5-968B48A58429}.Debug|Any CPU.ActiveCfg = Debug|Any CPU
		{7BAA6D13-A250-4B1B-B2E5-968B48A58429}.Debug|Any CPU.Build.0 = Debug|Any CPU
		{7BAA6D13-A250-4B1B-B2E5-968B48A58429}.Release|Any CPU.ActiveCfg = Release|Any CPU
		{7BAA6D13-A250-4B1B-B2E5-968B48A58429}.Release|Any CPU.Build.0 = Release|Any CPU
		{7B2CD7A1-ED82-4F59-BF35-8FE08415DC78}.Debug|Any CPU.ActiveCfg = Debug|Any CPU
		{7B2CD7A1-ED82-4F59-BF35-8FE08415DC78}.Debug|Any CPU.Build.0 = Debug|Any CPU
		{7B2CD7A1-ED82-4F59-BF35-8FE08415DC78}.Release|Any CPU.ActiveCfg = Release|Any CPU
		{7B2CD7A1-ED82-4F59-BF35-8FE08415DC78}.Release|Any CPU.Build.0 = Release|Any CPU
		{644AEB27-D1FE-47FA-AF10-F048E8C6927B}.Debug|Any CPU.ActiveCfg = Debug|Any CPU
		{644AEB27-D1FE-47FA-AF10-F048E8C6927B}.Debug|Any CPU.Build.0 = Debug|Any CPU
		{644AEB27-D1FE-47FA-AF10-F048E8C6927B}.Release|Any CPU.ActiveCfg = Release|Any CPU
		{644AEB27-D1FE-47FA-AF10-F048E8C6927B}.Release|Any CPU.Build.0 = Release|Any CPU
		{BF06FCB0-FE6E-4D23-9EA5-27C8FF33B67E}.Debug|Any CPU.ActiveCfg = Debug|Any CPU
		{BF06FCB0-FE6E-4D23-9EA5-27C8FF33B67E}.Debug|Any CPU.Build.0 = Debug|Any CPU
		{BF06FCB0-FE6E-4D23-9EA5-27C8FF33B67E}.Release|Any CPU.ActiveCfg = Release|Any CPU
		{BF06FCB0-FE6E-4D23-9EA5-27C8FF33B67E}.Release|Any CPU.Build.0 = Release|Any CPU
		{22E0B33B-0939-4FD3-8AD1-80F51A3BF924}.Debug|Any CPU.ActiveCfg = Debug|Any CPU
		{22E0B33B-0939-4FD3-8AD1-80F51A3BF924}.Debug|Any CPU.Build.0 = Debug|Any CPU
		{22E0B33B-0939-4FD3-8AD1-80F51A3BF924}.Release|Any CPU.ActiveCfg = Release|Any CPU
		{22E0B33B-0939-4FD3-8AD1-80F51A3BF924}.Release|Any CPU.Build.0 = Release|Any CPU
	EndGlobalSection
	GlobalSection(SolutionProperties) = preSolution
		HideSolutionNode = FALSE
	EndGlobalSection
	GlobalSection(NestedProjects) = preSolution
		{4157C60A-8C9B-4087-80E4-3770DFC5EB74} = {99AA18D1-F44B-4AAA-AB06-AED2CAB891C3}
		{7B2CD7A1-ED82-4F59-BF35-8FE08415DC78} = {AFD8E791-EBC5-4B16-A796-DA714FD8CF3C}
		{644AEB27-D1FE-47FA-AF10-F048E8C6927B} = {99AA18D1-F44B-4AAA-AB06-AED2CAB891C3}
		{22E0B33B-0939-4FD3-8AD1-80F51A3BF924} = {AFD8E791-EBC5-4B16-A796-DA714FD8CF3C}
	EndGlobalSection
	GlobalSection(ExtensibilityGlobals) = postSolution
		SolutionGuid = {B354C178-7604-42F4-8CBA-87402A8C2AC2}
	EndGlobalSection
EndGlobal
